devDependencies:
  mocha: 5.2.0
  rollup: 0.66.6
  rollup-plugin-sourcemaps: 0.4.2
  rollup-plugin-typescript2: 0.18.1
  typescript: 3.3.4000
  uglify-js: 3.5.2
lockfileVersion: 5
packages:
  /@types/estree/0.0.39:
    dev: true
    resolution:
      integrity: sha512-EYNwp3bU+98cpU4lAWYYL7Zz+2gryWH1qbdDTidVd6hkiR6weksdbMadyXKXNPEkQFhXM+hVO9ZygomHXp+AIw==
  /@types/node/11.11.7:
    dev: true
    resolution:
      integrity: sha512-bHbRcyD6XpXVLg42QYaQCjvDXaCFkvb3WbCIxSDmhGbJYVroxvYzekk9QGg1beeIawfvSLkdZpP0h7jxE4ihnA==
  /arr-diff/2.0.0:
    dependencies:
      arr-flatten: 1.1.0
    dev: true
    engines:
      node: '>=0.10.0'
    resolution:
      integrity: sha1-jzuCf5Vai9ZpaX5KQlasPOrjVs8=
  /arr-diff/4.0.0:
    dev: true
    engines:
      node: '>=0.10.0'
    resolution:
      integrity: sha1-1kYQdP6/7HHn4VI1dhoyml3HxSA=
  /arr-flatten/1.1.0:
    dev: true
    engines:
      node: '>=0.10.0'
    resolution:
      integrity: sha512-L3hKV5R/p5o81R7O02IGnwpDmkp6E982XhtbuwSe3O4qOtMMMtodicASA1Cny2U+aCXcNpml+m4dPsvsJ3jatg==
  /arr-union/3.1.0:
    dev: true
    engines:
      node: '>=0.10.0'
    resolution:
      integrity: sha1-45sJrqne+Gao8gbiiK9jkZuuOcQ=
  /array-unique/0.2.1:
    dev: true
    engines:
      node: '>=0.10.0'
    resolution:
      integrity: sha1-odl8yvy8JiXMcPrc6zalDFiwGlM=
  /array-unique/0.3.2:
    dev: true
    engines:
      node: '>=0.10.0'
    resolution:
      integrity: sha1-qJS3XUvE9s1nnvMkSp/Y9Gri1Cg=
  /assign-symbols/1.0.0:
    dev: true
    engines:
      node: '>=0.10.0'
    resolution:
      integrity: sha1-WWZ/QfrdTyDMvCu5a41Pf3jsA2c=
  /atob/2.1.2:
    dev: true
    engines:
      node: '>= 4.5.0'
    hasBin: true
    resolution:
      integrity: sha512-Wm6ukoaOGJi/73p/cl2GvLjTI5JM1k/O14isD73YML8StrH/7/lRFgmg8nICZgD3bZZvjwCGxtMOD3wWNAu8cg==
  /balanced-match/1.0.0:
    dev: true
    resolution:
      integrity: sha1-ibTRmasr7kneFk6gK4nORi1xt2c=
  /base/0.11.2:
    dependencies:
      cache-base: 1.0.1
      class-utils: 0.3.6
      component-emitter: 1.2.1
      define-property: 1.0.0
      isobject: 3.0.1
      mixin-deep: 1.3.1
      pascalcase: 0.1.1
    dev: true
    engines:
      node: '>=0.10.0'
    resolution:
      integrity: sha512-5T6P4xPgpp0YDFvSWwEZ4NoE3aM4QBQXDzmVbraCkFj8zHM+mba8SyqB5DbZWyR7mYHo6Y7BdQo3MoA4m0TeQg==
  /brace-expansion/1.1.11:
    dependencies:
      balanced-match: 1.0.0
      concat-map: 0.0.1
    dev: true
    resolution:
      integrity: sha512-iCuPHDFgrHX7H2vEI/5xpz07zSHB00TpugqhmYtVmMO6518mCuRMoOYFldEBl0g187ufozdaHgWKcYFb61qGiA==
  /braces/1.8.5:
    dependencies:
      expand-range: 1.8.2
      preserve: 0.2.0
      repeat-element: 1.1.3
    dev: true
    engines:
      node: '>=0.10.0'
    resolution:
      integrity: sha1-uneWLhLf+WnWt2cR6RS3N4V79qc=
  /braces/2.3.2:
    dependencies:
      arr-flatten: 1.1.0
      array-unique: 0.3.2
      extend-shallow: 2.0.1
      fill-range: 4.0.0
      isobject: 3.0.1
      repeat-element: 1.1.3
      snapdragon: 0.8.2
      snapdragon-node: 2.1.1
      split-string: 3.1.0
      to-regex: 3.0.2
    dev: true
    engines:
      node: '>=0.10.0'
    resolution:
      integrity: sha512-aNdbnj9P8PjdXU4ybaWLK2IF3jc/EoDYbC7AazW6to3TRsfXxscC9UXOB5iDiEQrkyIbWp2SLQda4+QAa7nc3w==
  /browser-stdout/1.3.1:
    dev: true
    resolution:
      integrity: sha512-qhAVI1+Av2X7qelOfAIYwXONood6XlZE/fXaBSmW/T5SzLAmCgzi+eiWE7fUvbHaeNBQH13UftjpXxsfLkMpgw==
  /cache-base/1.0.1:
    dependencies:
      collection-visit: 1.0.0
      component-emitter: 1.2.1
      get-value: 2.0.6
      has-value: 1.0.0
      isobject: 3.0.1
      set-value: 2.0.0
      to-object-path: 0.3.0
      union-value: 1.0.0
      unset-value: 1.0.0
    dev: true
    engines:
      node: '>=0.10.0'
    resolution:
      integrity: sha512-AKcdTnFSWATd5/GCPRxr2ChwIJ85CeyrEyjRHlKxQ56d4XJMGym0uAiKn0xbLOGOl3+yRpOTi484dVCEc5AUzQ==
  /class-utils/0.3.6:
    dependencies:
      arr-union: 3.1.0
      define-property: 0.2.5
      isobject: 3.0.1
      static-extend: 0.1.2
    dev: true
    engines:
      node: '>=0.10.0'
    resolution:
      integrity: sha512-qOhPa/Fj7s6TY8H8esGu5QNpMMQxz79h+urzrNYN6mn+9BnxlDGf5QZ+XeCDsxSjPqsSR56XOZOJmpeurnLMeg==
  /collection-visit/1.0.0:
    dependencies:
      map-visit: 1.0.0
      object-visit: 1.0.1
    dev: true
    engines:
      node: '>=0.10.0'
    resolution:
      integrity: sha1-S8A3PBZLwykbTTaMgpzxqApZ3KA=
  /commander/2.15.1:
    dev: true
    resolution:
      integrity: sha512-VlfT9F3V0v+jr4yxPc5gg9s62/fIVWsd2Bk2iD435um1NlGMYdVCq+MjcXnhYq2icNOizHr1kK+5TI6H0Hy0ag==
  /commander/2.19.0:
    dev: true
    resolution:
      integrity: sha512-6tvAOO+D6OENvRAh524Dh9jcfKTYDQAqvqezbCW82xj5X0pSrcpxtvRKHLG0yBY6SD7PSDrJaj+0AiOcKVd1Xg==
  /component-emitter/1.2.1:
    dev: true
    resolution:
      integrity: sha1-E3kY1teCg/ffemt8WmPhQOaUJeY=
  /concat-map/0.0.1:
    dev: true
    resolution:
      integrity: sha1-2Klr13/Wjfd5OnMDajug1UBdR3s=
  /copy-descriptor/0.1.1:
    dev: true
    engines:
      node: '>=0.10.0'
    resolution:
      integrity: sha1-Z29us8OZl8LuGsOpJP1hJHSPV40=
  /debug/2.6.9:
    dependencies:
      ms: 2.0.0
    dev: true
    resolution:
      integrity: sha512-bC7ElrdJaJnPbAP+1EotYvqZsb3ecl5wi6Bfi6BJTUcNowp6cvspg0jXznRTKDjm/E7AdgFBVeAPVMNcKGsHMA==
  /debug/3.1.0:
    dependencies:
      ms: 2.0.0
    dev: true
    resolution:
      integrity: sha512-OX8XqP7/1a9cqkxYw2yXss15f26NKWBpDXQd0/uK/KPqdQhxbPa994hnzjcE2VqQpDslf55723cKPUOGSmMY3g==
  /decode-uri-component/0.2.0:
    dev: true
    engines:
      node: '>=0.10'
    resolution:
      integrity: sha1-6zkTMzRYd1y4TNGh+uBiEGu4dUU=
  /define-property/0.2.5:
    dependencies:
      is-descriptor: 0.1.6
    dev: true
    engines:
      node: '>=0.10.0'
    resolution:
      integrity: sha1-w1se+RjsPJkPmlvFe+BKrOxcgRY=
  /define-property/1.0.0:
    dependencies:
      is-descriptor: 1.0.2
    dev: true
    engines:
      node: '>=0.10.0'
    resolution:
      integrity: sha1-dp66rz9KY6rTr56NMEybvnm/sOY=
  /define-property/2.0.2:
    dependencies:
      is-descriptor: 1.0.2
      isobject: 3.0.1
    dev: true
    engines:
      node: '>=0.10.0'
    resolution:
      integrity: sha512-jwK2UV4cnPpbcG7+VRARKTZPUWowwXA8bzH5NP6ud0oeAxyYPuGZUAC7hMugpCdz4BeSZl2Dl9k66CHJ/46ZYQ==
  /diff/3.5.0:
    dev: true
    engines:
      node: '>=0.3.1'
    resolution:
      integrity: sha512-A46qtFgd+g7pDZinpnwiRJtxbC1hpgf0uzP3iG89scHk0AUC7A1TGxf5OiiOUv/JMZR8GOt8hL900hV0bOy5xA==
  /escape-string-regexp/1.0.5:
    dev: true
    engines:
      node: '>=0.8.0'
    resolution:
      integrity: sha1-G2HAViGQqN/2rjuyzwIAyhMLhtQ=
  /estree-walker/0.5.2:
    dev: true
    resolution:
      integrity: sha512-XpCnW/AE10ws/kDAs37cngSkvgIR8aN3G0MS85m7dUpuK2EREo9VJ00uvw6Dg/hXEpfsE1I1TvJOJr+Z+TL+ig==
  /estree-walker/0.6.0:
    dev: true
    resolution:
      integrity: sha512-peq1RfVAVzr3PU/jL31RaOjUKLoZJpObQWJJ+LgfcxDUifyLZ1RjPQZTl0pzj2uJ45b7A7XpyppXvxdEqzo4rw==
  /expand-brackets/0.1.5:
    dependencies:
      is-posix-bracket: 0.1.1
    dev: true
    engines:
      node: '>=0.10.0'
    resolution:
      integrity: sha1-3wcoTjQqgHzXM6xa9yQR5YHRF3s=
  /expand-brackets/2.1.4:
    dependencies:
      debug: 2.6.9
      define-property: 0.2.5
      extend-shallow: 2.0.1
      posix-character-classes: 0.1.1
      regex-not: 1.0.2
      snapdragon: 0.8.2
      to-regex: 3.0.2
    dev: true
    engines:
      node: '>=0.10.0'
    resolution:
      integrity: sha1-t3c14xXOMPa27/D4OwQVGiJEliI=
  /expand-range/1.8.2:
    dependencies:
      fill-range: 2.2.4
    dev: true
    engines:
      node: '>=0.10.0'
    resolution:
      integrity: sha1-opnv/TNf4nIeuujiV+x5ZE/IUzc=
  /extend-shallow/2.0.1:
    dependencies:
      is-extendable: 0.1.1
    dev: true
    engines:
      node: '>=0.10.0'
    resolution:
      integrity: sha1-Ua99YUrZqfYQ6huvu5idaxxWiQ8=
  /extend-shallow/3.0.2:
    dependencies:
      assign-symbols: 1.0.0
      is-extendable: 1.0.1
    dev: true
    engines:
      node: '>=0.10.0'
    resolution:
      integrity: sha1-Jqcarwc7OfshJxcnRhMcJwQCjbg=
  /extglob/0.3.2:
    dependencies:
      is-extglob: 1.0.0
    dev: true
    engines:
      node: '>=0.10.0'
    resolution:
      integrity: sha1-Lhj/PS9JqydlzskCPwEdqo2DSaE=
  /extglob/2.0.4:
    dependencies:
      array-unique: 0.3.2
      define-property: 1.0.0
      expand-brackets: 2.1.4
      extend-shallow: 2.0.1
      fragment-cache: 0.2.1
      regex-not: 1.0.2
      snapdragon: 0.8.2
      to-regex: 3.0.2
    dev: true
    engines:
      node: '>=0.10.0'
    resolution:
      integrity: sha512-Nmb6QXkELsuBr24CJSkilo6UHHgbekK5UiZgfE6UHD3Eb27YC6oD+bhcT+tJ6cl8dmsgdQxnWlcry8ksBIBLpw==
  /filename-regex/2.0.1:
    dev: true
    engines:
      node: '>=0.10.0'
    resolution:
      integrity: sha1-wcS5vuPglyXdsQa3XB4wH+LxiyY=
  /fill-range/2.2.4:
    dependencies:
      is-number: 2.1.0
      isobject: 2.1.0
      randomatic: 3.1.1
      repeat-element: 1.1.3
      repeat-string: 1.6.1
    dev: true
    engines:
      node: '>=0.10.0'
    resolution:
      integrity: sha512-cnrcCbj01+j2gTG921VZPnHbjmdAf8oQV/iGeV2kZxGSyfYjjTyY79ErsK1WJWMpw6DaApEX72binqJE+/d+5Q==
  /fill-range/4.0.0:
    dependencies:
      extend-shallow: 2.0.1
      is-number: 3.0.0
      repeat-string: 1.6.1
      to-regex-range: 2.1.1
    dev: true
    engines:
      node: '>=0.10.0'
    resolution:
      integrity: sha1-1USBHUKPmOsGpj3EAtJAPDKMOPc=
  /for-in/1.0.2:
    dev: true
    engines:
      node: '>=0.10.0'
    resolution:
      integrity: sha1-gQaNKVqBQuwKxybG4iAMMPttXoA=
  /for-own/0.1.5:
    dependencies:
      for-in: 1.0.2
    dev: true
    engines:
      node: '>=0.10.0'
    resolution:
      integrity: sha1-UmXGgaTylNq78XyVCbZ2OqhFEM4=
  /fragment-cache/0.2.1:
    dependencies:
      map-cache: 0.2.2
    dev: true
    engines:
      node: '>=0.10.0'
    resolution:
      integrity: sha1-QpD60n8T6Jvn8zeZxrxaCr//DRk=
  /fs-extra/7.0.0:
    dependencies:
      graceful-fs: 4.1.15
      jsonfile: 4.0.0
      universalify: 0.1.2
    dev: true
    engines:
      node: '>=6 <7 || >=8'
    resolution:
      integrity: sha512-EglNDLRpmaTWiD/qraZn6HREAEAHJcJOmxNEYwq6xeMKnVMAy3GUcFB+wXt2C6k4CNvB/mP1y/U3dzvKKj5OtQ==
  /fs.realpath/1.0.0:
    dev: true
    resolution:
      integrity: sha1-FQStJSMVjKpA20onh8sBQRmU6k8=
  /get-value/2.0.6:
    dev: true
    engines:
      node: '>=0.10.0'
    resolution:
      integrity: sha1-3BXKHGcjh8p2vTesCjlbogQqLCg=
  /glob-base/0.3.0:
    dependencies:
      glob-parent: 2.0.0
      is-glob: 2.0.1
    dev: true
    engines:
      node: '>=0.10.0'
    resolution:
      integrity: sha1-27Fk9iIbHAscz4Kuoyi0l98Oo8Q=
  /glob-parent/2.0.0:
    dependencies:
      is-glob: 2.0.1
    dev: true
    resolution:
      integrity: sha1-gTg9ctsFT8zPUzbaqQLxgvbtuyg=
  /glob/7.1.2:
    dependencies:
      fs.realpath: 1.0.0
      inflight: 1.0.6
      inherits: 2.0.3
      minimatch: 3.0.4
      once: 1.4.0
      path-is-absolute: 1.0.1
    dev: true
    resolution:
      integrity: sha512-MJTUg1kjuLeQCJ+ccE4Vpa6kKVXkPYJ2mOCQyUuKLcLQsdrMCpBPUi8qVE6+YuaJkozeA9NusTAw3hLr8Xe5EQ==
  /graceful-fs/4.1.15:
    dev: true
    resolution:
      integrity: sha512-6uHUhOPEBgQ24HM+r6b/QwWfZq+yiFcipKFrOFiBEnWdy5sdzYoi+pJeQaPI5qOLRFqWmAXUPQNsielzdLoecA==
  /growl/1.10.5:
    dev: true
    engines:
      node: '>=4.x'
    resolution:
      integrity: sha512-qBr4OuELkhPenW6goKVXiv47US3clb3/IbuWF9KNKEijAy9oeHxU9IgzjvJhHkUzhaj7rOUD7+YGWqUjLp5oSA==
  /has-flag/3.0.0:
    dev: true
    engines:
      node: '>=4'
    resolution:
      integrity: sha1-tdRU3CGZriJWmfNGfloH87lVuv0=
  /has-value/0.3.1:
    dependencies:
      get-value: 2.0.6
      has-values: 0.1.4
      isobject: 2.1.0
    dev: true
    engines:
      node: '>=0.10.0'
    resolution:
      integrity: sha1-ex9YutpiyoJ+wKIHgCVlSEWZXh8=
  /has-value/1.0.0:
    dependencies:
      get-value: 2.0.6
      has-values: 1.0.0
      isobject: 3.0.1
    dev: true
    engines:
      node: '>=0.10.0'
    resolution:
      integrity: sha1-GLKB2lhbHFxR3vJMkw7SmgvmsXc=
  /has-values/0.1.4:
    dev: true
    engines:
      node: '>=0.10.0'
    resolution:
      integrity: sha1-bWHeldkd/Km5oCCJrThL/49it3E=
  /has-values/1.0.0:
    dependencies:
      is-number: 3.0.0
      kind-of: 4.0.0
    dev: true
    engines:
      node: '>=0.10.0'
    resolution:
      integrity: sha1-lbC2P+whRmGab+V/51Yo1aOe/k8=
  /he/1.1.1:
    dev: true
    hasBin: true
    resolution:
      integrity: sha1-k0EP0hsAlzUVH4howvJx80J+I/0=
  /inflight/1.0.6:
    dependencies:
      once: 1.4.0
      wrappy: 1.0.2
    dev: true
    resolution:
      integrity: sha1-Sb1jMdfQLQwJvJEKEHW6gWW1bfk=
  /inherits/2.0.3:
    dev: true
    resolution:
      integrity: sha1-Yzwsg+PaQqUC9SRmAiSA9CCCYd4=
  /is-accessor-descriptor/0.1.6:
    dependencies:
      kind-of: 3.2.2
    dev: true
    engines:
      node: '>=0.10.0'
    resolution:
      integrity: sha1-qeEss66Nh2cn7u84Q/igiXtcmNY=
  /is-accessor-descriptor/1.0.0:
    dependencies:
      kind-of: 6.0.2
    dev: true
    engines:
      node: '>=0.10.0'
    resolution:
      integrity: sha512-m5hnHTkcVsPfqx3AKlyttIPb7J+XykHvJP2B9bZDjlhLIoEq4XoK64Vg7boZlVWYK6LUY94dYPEE7Lh0ZkZKcQ==
  /is-buffer/1.1.6:
    dev: true
    resolution:
      integrity: sha512-NcdALwpXkTm5Zvvbk7owOUSvVvBKDgKP5/ewfXEznmQFfs4ZRmanOeKBTjRVjka3QFoN6XJ+9F3USqfHqTaU5w==
  /is-data-descriptor/0.1.4:
    dependencies:
      kind-of: 3.2.2
    dev: true
    engines:
      node: '>=0.10.0'
    resolution:
      integrity: sha1-C17mSDiOLIYCgueT8YVv7D8wG1Y=
  /is-data-descriptor/1.0.0:
    dependencies:
      kind-of: 6.0.2
    dev: true
    engines:
      node: '>=0.10.0'
    resolution:
      integrity: sha512-jbRXy1FmtAoCjQkVmIVYwuuqDFUbaOeDjmed1tOGPrsMhtJA4rD9tkgA0F1qJ3gRFRXcHYVkdeaP50Q5rE/jLQ==
  /is-descriptor/0.1.6:
    dependencies:
      is-accessor-descriptor: 0.1.6
      is-data-descriptor: 0.1.4
      kind-of: 5.1.0
    dev: true
    engines:
      node: '>=0.10.0'
    resolution:
      integrity: sha512-avDYr0SB3DwO9zsMov0gKCESFYqCnE4hq/4z3TdUlukEy5t9C0YRq7HLrsN52NAcqXKaepeCD0n+B0arnVG3Hg==
  /is-descriptor/1.0.2:
    dependencies:
      is-accessor-descriptor: 1.0.0
      is-data-descriptor: 1.0.0
      kind-of: 6.0.2
    dev: true
    engines:
      node: '>=0.10.0'
    resolution:
      integrity: sha512-2eis5WqQGV7peooDyLmNEPUrps9+SXX5c9pL3xEB+4e9HnGuDa7mB7kHxHw4CbqS9k1T2hOH3miL8n8WtiYVtg==
  /is-dotfile/1.0.3:
    dev: true
    engines:
      node: '>=0.10.0'
    resolution:
      integrity: sha1-pqLzL/0t+wT1yiXs0Pa4PPeYoeE=
  /is-equal-shallow/0.1.3:
    dependencies:
      is-primitive: 2.0.0
    dev: true
    engines:
      node: '>=0.10.0'
    resolution:
      integrity: sha1-IjgJj8Ih3gvPpdnqxMRdY4qhxTQ=
  /is-extendable/0.1.1:
    dev: true
    engines:
      node: '>=0.10.0'
    resolution:
      integrity: sha1-YrEQ4omkcUGOPsNqYX1HLjAd/Ik=
  /is-extendable/1.0.1:
    dependencies:
      is-plain-object: 2.0.4
    dev: true
    engines:
      node: '>=0.10.0'
    resolution:
      integrity: sha512-arnXMxT1hhoKo9k1LZdmlNyJdDDfy2v0fXjFlmok4+i8ul/6WlbVge9bhM74OpNPQPMGUToDtz+KXa1PneJxOA==
  /is-extglob/1.0.0:
    dev: true
    engines:
      node: '>=0.10.0'
    resolution:
      integrity: sha1-rEaBd8SUNAWgkvyPKXYMb/xiBsA=
  /is-glob/2.0.1:
    dependencies:
      is-extglob: 1.0.0
    dev: true
    engines:
      node: '>=0.10.0'
    resolution:
      integrity: sha1-0Jb5JqPe1WAPP9/ZEZjLCIjC2GM=
  /is-number/2.1.0:
    dependencies:
      kind-of: 3.2.2
    dev: true
    engines:
      node: '>=0.10.0'
    resolution:
      integrity: sha1-Afy7s5NGOlSPL0ZszhbezknbkI8=
  /is-number/3.0.0:
    dependencies:
      kind-of: 3.2.2
    dev: true
    engines:
      node: '>=0.10.0'
    resolution:
      integrity: sha1-JP1iAaR4LPUFYcgQJ2r8fRLXEZU=
  /is-number/4.0.0:
    dev: true
    engines:
      node: '>=0.10.0'
    resolution:
      integrity: sha512-rSklcAIlf1OmFdyAqbnWTLVelsQ58uvZ66S/ZyawjWqIviTWCjg2PzVGw8WUA+nNuPTqb4wgA+NszrJ+08LlgQ==
  /is-plain-object/2.0.4:
    dependencies:
      isobject: 3.0.1
    dev: true
    engines:
      node: '>=0.10.0'
    resolution:
      integrity: sha512-h5PpgXkWitc38BBMYawTYMWJHFZJVnBquFE57xFpjB8pJFiF6gZ+bU+WyI/yqXiFR5mdLsgYNaPe8uao6Uv9Og==
  /is-posix-bracket/0.1.1:
    dev: true
    engines:
      node: '>=0.10.0'
    resolution:
      integrity: sha1-MzTceXdDaOkvAW5vvAqI9c1ua8Q=
  /is-primitive/2.0.0:
    dev: true
    engines:
      node: '>=0.10.0'
    resolution:
      integrity: sha1-IHurkWOEmcB7Kt8kCkGochADRXU=
  /is-windows/1.0.2:
    dev: true
    engines:
      node: '>=0.10.0'
    resolution:
      integrity: sha512-eXK1UInq2bPmjyX6e3VHIzMLobc4J94i4AWn+Hpq3OU5KkrRC96OAcR3PRJ/pGu6m8TRnBHP9dkXQVsT/COVIA==
  /isarray/1.0.0:
    dev: true
    resolution:
      integrity: sha1-u5NdSFgsuhaMBoNJV6VKPgcSTxE=
  /isobject/2.1.0:
    dependencies:
      isarray: 1.0.0
    dev: true
    engines:
      node: '>=0.10.0'
    resolution:
      integrity: sha1-8GVWEJaj8dou9GJy+BXIQNh+DIk=
  /isobject/3.0.1:
    dev: true
    engines:
      node: '>=0.10.0'
    resolution:
      integrity: sha1-TkMekrEalzFjaqH5yNHMvP2reN8=
  /jsonfile/4.0.0:
    dev: true
    optionalDependencies:
      graceful-fs: 4.1.15
    resolution:
      integrity: sha1-h3Gq4HmbZAdrdmQPygWPnBDjPss=
  /kind-of/3.2.2:
    dependencies:
      is-buffer: 1.1.6
    dev: true
    engines:
      node: '>=0.10.0'
    resolution:
      integrity: sha1-MeohpzS6ubuw8yRm2JOupR5KPGQ=
  /kind-of/4.0.0:
    dependencies:
      is-buffer: 1.1.6
    dev: true
    engines:
      node: '>=0.10.0'
    resolution:
      integrity: sha1-IIE989cSkosgc3hpGkUGb65y3Vc=
  /kind-of/5.1.0:
    dev: true
    engines:
      node: '>=0.10.0'
    resolution:
      integrity: sha512-NGEErnH6F2vUuXDh+OlbcKW7/wOcfdRHaZ7VWtqCztfHri/++YKmP51OdWeGPuqCOba6kk2OTe5d02VmTB80Pw==
  /kind-of/6.0.2:
    dev: true
    engines:
      node: '>=0.10.0'
    resolution:
      integrity: sha512-s5kLOcnH0XqDO+FvuaLX8DDjZ18CGFk7VygH40QoKPUQhW4e2rvM0rwUq0t8IQDOwYSeLK01U90OjzBTme2QqA==
  /map-cache/0.2.2:
    dev: true
    engines:
      node: '>=0.10.0'
    resolution:
      integrity: sha1-wyq9C9ZSXZsFFkW7TyasXcmKDb8=
  /map-visit/1.0.0:
    dependencies:
      object-visit: 1.0.1
    dev: true
    engines:
      node: '>=0.10.0'
    resolution:
      integrity: sha1-7Nyo8TFE5mDxtb1B8S80edmN+48=
  /math-random/1.0.4:
    dev: true
    resolution:
      integrity: sha512-rUxjysqif/BZQH2yhd5Aaq7vXMSx9NdEsQcyA07uEzIvxgI7zIr33gGsh+RU0/XjmQpCW7RsVof1vlkvQVCK5A==
  /micromatch/2.3.11:
    dependencies:
      arr-diff: 2.0.0
      array-unique: 0.2.1
      braces: 1.8.5
      expand-brackets: 0.1.5
      extglob: 0.3.2
      filename-regex: 2.0.1
      is-extglob: 1.0.0
      is-glob: 2.0.1
      kind-of: 3.2.2
      normalize-path: 2.1.1
      object.omit: 2.0.1
      parse-glob: 3.0.4
      regex-cache: 0.4.4
    dev: true
    engines:
      node: '>=0.10.0'
    resolution:
      integrity: sha1-hmd8l9FyCzY0MdBNDRUpO9OMFWU=
  /micromatch/3.1.10:
    dependencies:
      arr-diff: 4.0.0
      array-unique: 0.3.2
      braces: 2.3.2
      define-property: 2.0.2
      extend-shallow: 3.0.2
      extglob: 2.0.4
      fragment-cache: 0.2.1
      kind-of: 6.0.2
      nanomatch: 1.2.13
      object.pick: 1.3.0
      regex-not: 1.0.2
      snapdragon: 0.8.2
      to-regex: 3.0.2
    dev: true
    engines:
      node: '>=0.10.0'
    resolution:
      integrity: sha512-MWikgl9n9M3w+bpsY3He8L+w9eF9338xRl8IAO5viDizwSzziFEyUzo2xrrloB64ADbTf8uA8vRqqttDTOmccg==
  /minimatch/3.0.4:
    dependencies:
      brace-expansion: 1.1.11
    dev: true
    resolution:
      integrity: sha512-yJHVQEhyqPLUTgt9B83PXu6W3rx4MvvHvSUvToogpwoGDOUQ+yDrR0HRot+yOCdCO7u4hX3pWft6kWBBcqh0UA==
  /minimist/0.0.8:
    dev: true
    resolution:
      integrity: sha1-hX/Kv8M5fSYluCKCYuhqp6ARsF0=
  /mixin-deep/1.3.1:
    dependencies:
      for-in: 1.0.2
      is-extendable: 1.0.1
    dev: true
    engines:
      node: '>=0.10.0'
    resolution:
      integrity: sha512-8ZItLHeEgaqEvd5lYBXfm4EZSFCX29Jb9K+lAHhDKzReKBQKj3R+7NOF6tjqYi9t4oI8VUfaWITJQm86wnXGNQ==
  /mkdirp/0.5.1:
    dependencies:
      minimist: 0.0.8
    dev: true
    hasBin: true
    resolution:
      integrity: sha1-MAV0OOrGz3+MR2fzhkjWaX11yQM=
  /mocha/5.2.0:
    dependencies:
      browser-stdout: 1.3.1
      commander: 2.15.1
      debug: 3.1.0
      diff: 3.5.0
      escape-string-regexp: 1.0.5
      glob: 7.1.2
      growl: 1.10.5
      he: 1.1.1
      minimatch: 3.0.4
      mkdirp: 0.5.1
      supports-color: 5.4.0
    dev: true
    engines:
      node: '>= 4.0.0'
    hasBin: true
    resolution:
      integrity: sha512-2IUgKDhc3J7Uug+FxMXuqIyYzH7gJjXECKe/w43IGgQHTSj3InJi+yAA7T24L9bQMRKiUEHxEX37G5JpVUGLcQ==
  /ms/2.0.0:
    dev: true
    resolution:
      integrity: sha1-VgiurfwAvmwpAd9fmGF4jeDVl8g=
  /nanomatch/1.2.13:
    dependencies:
      arr-diff: 4.0.0
      array-unique: 0.3.2
      define-property: 2.0.2
      extend-shallow: 3.0.2
      fragment-cache: 0.2.1
      is-windows: 1.0.2
      kind-of: 6.0.2
      object.pick: 1.3.0
      regex-not: 1.0.2
      snapdragon: 0.8.2
      to-regex: 3.0.2
    dev: true
    engines:
      node: '>=0.10.0'
    resolution:
      integrity: sha512-fpoe2T0RbHwBTBUOftAfBPaDEi06ufaUai0mE6Yn1kacc3SnTErfb/h+X94VXzI64rKFHYImXSvdwGGCmwOqCA==
  /normalize-path/2.1.1:
    dependencies:
      remove-trailing-separator: 1.1.0
    dev: true
    engines:
      node: '>=0.10.0'
    resolution:
      integrity: sha1-GrKLVW4Zg2Oowab35vogE3/mrtk=
  /object-copy/0.1.0:
    dependencies:
      copy-descriptor: 0.1.1
      define-property: 0.2.5
      kind-of: 3.2.2
    dev: true
    engines:
      node: '>=0.10.0'
    resolution:
      integrity: sha1-fn2Fi3gb18mRpBupde04EnVOmYw=
  /object-visit/1.0.1:
    dependencies:
      isobject: 3.0.1
    dev: true
    engines:
      node: '>=0.10.0'
    resolution:
      integrity: sha1-95xEk68MU3e1n+OdOV5BBC3QRbs=
  /object.omit/2.0.1:
    dependencies:
      for-own: 0.1.5
      is-extendable: 0.1.1
    dev: true
    engines:
      node: '>=0.10.0'
    resolution:
      integrity: sha1-Gpx0SCnznbuFjHbKNXmuKlTr0fo=
  /object.pick/1.3.0:
    dependencies:
      isobject: 3.0.1
    dev: true
    engines:
      node: '>=0.10.0'
    resolution:
      integrity: sha1-h6EKxMFpS9Lhy/U1kaZhQftd10c=
  /once/1.4.0:
    dependencies:
      wrappy: 1.0.2
    dev: true
    resolution:
      integrity: sha1-WDsap3WWHUsROsF9nFC6753Xa9E=
  /parse-glob/3.0.4:
    dependencies:
      glob-base: 0.3.0
      is-dotfile: 1.0.3
      is-extglob: 1.0.0
      is-glob: 2.0.1
    dev: true
    engines:
      node: '>=0.10.0'
    resolution:
      integrity: sha1-ssN2z7EfNVE7rdFz7wu246OIORw=
  /pascalcase/0.1.1:
    dev: true
    engines:
      node: '>=0.10.0'
    resolution:
      integrity: sha1-s2PlXoAGym/iF4TS2yK9FdeRfxQ=
  /path-is-absolute/1.0.1:
    dev: true
    engines:
      node: '>=0.10.0'
    resolution:
      integrity: sha1-F0uSaHNVNP+8es5r9TpanhtcX18=
  /path-parse/1.0.6:
    dev: true
    resolution:
      integrity: sha512-GSmOT2EbHrINBf9SR7CDELwlJ8AENk3Qn7OikK4nFYAu3Ote2+JYNVvkpAEQm3/TLNEJFD/xZJjzyxg3KBWOzw==
  /posix-character-classes/0.1.1:
    dev: true
    engines:
      node: '>=0.10.0'
    resolution:
      integrity: sha1-AerA/jta9xoqbAL+q7jB/vfgDqs=
  /preserve/0.2.0:
    dev: true
    engines:
      node: '>=0.10.0'
    resolution:
      integrity: sha1-gV7R9uvGWSb4ZbMQwHE7yzMVzks=
  /randomatic/3.1.1:
    dependencies:
      is-number: 4.0.0
      kind-of: 6.0.2
      math-random: 1.0.4
    dev: true
    engines:
      node: '>= 0.10.0'
    resolution:
      integrity: sha512-TuDE5KxZ0J461RVjrJZCJc+J+zCkTb1MbH9AQUq68sMhOMcy9jLcb3BrZKgp9q9Ncltdg4QVqWrH02W2EFFVYw==
  /regex-cache/0.4.4:
    dependencies:
      is-equal-shallow: 0.1.3
    dev: true
    engines:
      node: '>=0.10.0'
    resolution:
      integrity: sha512-nVIZwtCjkC9YgvWkpM55B5rBhBYRZhAaJbgcFYXXsHnbZ9UZI9nnVWYZpBlCqv9ho2eZryPnWrZGsOdPwVWXWQ==
  /regex-not/1.0.2:
    dependencies:
      extend-shallow: 3.0.2
      safe-regex: 1.1.0
    dev: true
    engines:
      node: '>=0.10.0'
    resolution:
      integrity: sha512-J6SDjUgDxQj5NusnOtdFxDwN/+HWykR8GELwctJ7mdqhcyy1xEc4SRFHUXvxTp661YaVKAjfRLZ9cCqS6tn32A==
  /remove-trailing-separator/1.1.0:
    dev: true
    resolution:
      integrity: sha1-wkvOKig62tW8P1jg1IJJuSN52O8=
  /repeat-element/1.1.3:
    dev: true
    engines:
      node: '>=0.10.0'
    resolution:
      integrity: sha512-ahGq0ZnV5m5XtZLMb+vP76kcAM5nkLqk0lpqAuojSKGgQtn4eRi4ZZGm2olo2zKFH+sMsWaqOCW1dqAnOru72g==
  /repeat-string/1.6.1:
    dev: true
    engines:
      node: '>=0.10'
    resolution:
      integrity: sha1-jcrkcOHIirwtYA//Sndihtp15jc=
  /resolve-url/0.2.1:
    dev: true
    resolution:
      integrity: sha1-LGN/53yJOv0qZj/iGqkIAGjiBSo=
  /resolve/1.8.1:
    dependencies:
      path-parse: 1.0.6
    dev: true
    resolution:
      integrity: sha512-AicPrAC7Qu1JxPCZ9ZgCZlY35QgFnNqc+0LtbRNxnVw4TXvjQ72wnuL9JQcEBgXkI9JM8MsT9kaQoHcpCRJOYA==
  /ret/0.1.15:
    dev: true
    engines:
      node: '>=0.12'
    resolution:
      integrity: sha512-TTlYpa+OL+vMMNG24xSlQGEJ3B/RzEfUlLct7b5G/ytav+wPrplCpVMFuwzXbkecJrb6IYo1iFb0S9v37754mg==
  /rollup-plugin-sourcemaps/0.4.2:
    dependencies:
      rollup-pluginutils: 2.5.0
      source-map-resolve: 0.5.2
    dev: true
    engines:
      node: '>=4.5.0'
      npm: '>=2.15.9'
    peerDependencies:
      rollup: '>=0.31.2'
    resolution:
      integrity: sha1-YhJaqUCHqt97g+9N+vYptHMTXoc=
  /rollup-plugin-typescript2/0.18.1:
    dependencies:
      fs-extra: 7.0.0
      resolve: 1.8.1
      rollup-pluginutils: 2.3.3
      tslib: 1.9.3
    dev: true
    peerDependencies:
      rollup: '>=0.50.0'
      typescript: '>=2.4.0'
    resolution:
      integrity: sha512-aR2m5NCCAUV/KpcKgCWX6Giy8rTko9z92b5t0NX9eZyjOftCvcdDFa1C9Ze/9yp590hnRymr5hG0O9SAXi1oUg==
  /rollup-pluginutils/2.3.3:
    dependencies:
      estree-walker: 0.5.2
      micromatch: 2.3.11
    dev: true
    resolution:
      integrity: sha512-2XZwja7b6P5q4RZ5FhyX1+f46xi1Z3qBKigLRZ6VTZjwbN0K1IFGMlwm06Uu0Emcre2Z63l77nq/pzn+KxIEoA==
  /rollup-pluginutils/2.5.0:
    dependencies:
      estree-walker: 0.6.0
      micromatch: 3.1.10
    dev: true
    resolution:
      integrity: sha512-9Muh1H+XB5f5ONmKMayUoTYR1EZwHbwJJ9oZLrKT5yuTf/RLIQ5mYIGsrERquVucJmjmaAW0Y7+6Qo1Ep+5w3Q==
  /rollup/0.66.6:
    dependencies:
      '@types/estree': 0.0.39
      '@types/node': 11.11.7
    dev: true
    hasBin: true
    resolution:
      integrity: sha512-J7/SWanrcb83vfIHqa8+aVVGzy457GcjA6GVZEnD0x2u4OnOd0Q1pCrEoNe8yLwM6z6LZP02zBT2uW0yh5TqOw==
  /safe-regex/1.1.0:
    dependencies:
      ret: 0.1.15
    dev: true
    resolution:
      integrity: sha1-QKNmnzsHfR6UPURinhV91IAjvy4=
  /set-value/0.4.3:
    dependencies:
      extend-shallow: 2.0.1
      is-extendable: 0.1.1
      is-plain-object: 2.0.4
      to-object-path: 0.3.0
    dev: true
    engines:
      node: '>=0.10.0'
    resolution:
      integrity: sha1-fbCPnT0i3H945Trzw79GZuzfzPE=
  /set-value/2.0.0:
    dependencies:
      extend-shallow: 2.0.1
      is-extendable: 0.1.1
      is-plain-object: 2.0.4
      split-string: 3.1.0
    dev: true
    engines:
      node: '>=0.10.0'
    resolution:
      integrity: sha512-hw0yxk9GT/Hr5yJEYnHNKYXkIA8mVJgd9ditYZCe16ZczcaELYYcfvaXesNACk2O8O0nTiPQcQhGUQj8JLzeeg==
  /snapdragon-node/2.1.1:
    dependencies:
      define-property: 1.0.0
      isobject: 3.0.1
      snapdragon-util: 3.0.1
    dev: true
    engines:
      node: '>=0.10.0'
    resolution:
      integrity: sha512-O27l4xaMYt/RSQ5TR3vpWCAB5Kb/czIcqUFOM/C4fYcLnbZUc1PkjTAMjof2pBWaSTwOUd6qUHcFGVGj7aIwnw==
  /snapdragon-util/3.0.1:
    dependencies:
      kind-of: 3.2.2
    dev: true
    engines:
      node: '>=0.10.0'
    resolution:
      integrity: sha512-mbKkMdQKsjX4BAL4bRYTj21edOf8cN7XHdYUJEe+Zn99hVEYcMvKPct1IqNe7+AZPirn8BCDOQBHQZknqmKlZQ==
  /snapdragon/0.8.2:
    dependencies:
      base: 0.11.2
      debug: 2.6.9
      define-property: 0.2.5
      extend-shallow: 2.0.1
      map-cache: 0.2.2
      source-map: 0.5.7
      source-map-resolve: 0.5.2
      use: 3.1.1
    dev: true
    engines:
      node: '>=0.10.0'
    resolution:
      integrity: sha512-FtyOnWN/wCHTVXOMwvSv26d+ko5vWlIDD6zoUJ7LW8vh+ZBC8QdljveRP+crNrtBwioEUWy/4dMtbBjA4ioNlg==
  /source-map-resolve/0.5.2:
    dependencies:
      atob: 2.1.2
      decode-uri-component: 0.2.0
      resolve-url: 0.2.1
      source-map-url: 0.4.0
      urix: 0.1.0
    dev: true
    resolution:
      integrity: sha512-MjqsvNwyz1s0k81Goz/9vRBe9SZdB09Bdw+/zYyO+3CuPk6fouTaxscHkgtE8jKvf01kVfl8riHzERQ/kefaSA==
  /source-map-url/0.4.0:
    dev: true
    resolution:
      integrity: sha1-PpNdfd1zYxuXZZlW1VEo6HtQhKM=
  /source-map/0.5.7:
    dev: true
    engines:
      node: '>=0.10.0'
    resolution:
      integrity: sha1-igOdLRAh0i0eoUyA2OpGi6LvP8w=
  /source-map/0.6.1:
    dev: true
    engines:
      node: '>=0.10.0'
    resolution:
      integrity: sha512-UjgapumWlbMhkBgzT7Ykc5YXUT46F0iKu8SGXq0bcwP5dz/h0Plj6enJqjz1Zbq2l5WaqYnrVbwWOWMyF3F47g==
  /split-string/3.1.0:
    dependencies:
      extend-shallow: 3.0.2
    dev: true
    engines:
      node: '>=0.10.0'
    resolution:
      integrity: sha512-NzNVhJDYpwceVVii8/Hu6DKfD2G+NrQHlS/V/qgv763EYudVwEcMQNxd2lh+0VrUByXN/oJkl5grOhYWvQUYiw==
  /static-extend/0.1.2:
    dependencies:
      define-property: 0.2.5
      object-copy: 0.1.0
    dev: true
    engines:
      node: '>=0.10.0'
    resolution:
      integrity: sha1-YICcOcv/VTNyJv1eC1IPNB8ftcY=
  /supports-color/5.4.0:
    dependencies:
      has-flag: 3.0.0
    dev: true
    engines:
      node: '>=4'
    resolution:
      integrity: sha512-zjaXglF5nnWpsq470jSv6P9DwPvgLkuapYmfDm3JWOm0vkNTVF2tI4UrN2r6jH1qM/uc/WtxYY1hYoA2dOKj5w==
  /to-object-path/0.3.0:
    dependencies:
      kind-of: 3.2.2
    dev: true
    engines:
      node: '>=0.10.0'
    resolution:
      integrity: sha1-KXWIt7Dn4KwI4E5nL4XB9JmeF68=
  /to-regex-range/2.1.1:
    dependencies:
      is-number: 3.0.0
      repeat-string: 1.6.1
    dev: true
    engines:
      node: '>=0.10.0'
    resolution:
      integrity: sha1-fIDBe53+vlmeJzZ+DU3VWQFB2zg=
  /to-regex/3.0.2:
    dependencies:
      define-property: 2.0.2
      extend-shallow: 3.0.2
      regex-not: 1.0.2
      safe-regex: 1.1.0
    dev: true
    engines:
      node: '>=0.10.0'
    resolution:
      integrity: sha512-FWtleNAtZ/Ki2qtqej2CXTOayOH9bHDQF+Q48VpWyDXjbYxA4Yz8iDB31zXOBUlOHHKidDbqGVrTUvQMPmBGBw==
  /tslib/1.9.3:
    dev: true
    resolution:
      integrity: sha512-4krF8scpejhaOgqzBEcGM7yDIEfi0/8+8zDRZhNZZ2kjmHJ4hv3zCbQWxoJGz1iw5U0Jl0nma13xzHXcncMavQ==
  /typescript/3.3.4000:
    dev: true
    engines:
      node: '>=4.2.0'
    hasBin: true
    resolution:
      integrity: sha512-jjOcCZvpkl2+z7JFn0yBOoLQyLoIkNZAs/fYJkUG6VKy6zLPHJGfQJYFHzibB6GJaF/8QrcECtlQ5cpvRHSMEA==
  /uglify-js/3.5.2:
    dependencies:
      commander: 2.19.0
      source-map: 0.6.1
    dev: true
    engines:
      node: '>=0.8.0'
    hasBin: true
    resolution:
      integrity: sha512-imog1WIsi9Yb56yRt5TfYVxGmnWs3WSGU73ieSOlMVFwhJCA9W8fqFFMMj4kgDqiS/80LGdsYnWL7O9UcjEBlg==
  /union-value/1.0.0:
    dependencies:
      arr-union: 3.1.0
      get-value: 2.0.6
      is-extendable: 0.1.1
      set-value: 0.4.3
    dev: true
    engines:
      node: '>=0.10.0'
    resolution:
      integrity: sha1-XHHDTLW61dzr4+oM0IIHulqhrqQ=
  /universalify/0.1.2:
    dev: true
    engines:
      node: '>= 4.0.0'
    resolution:
      integrity: sha512-rBJeI5CXAlmy1pV+617WB9J63U6XcazHHF2f2dbJix4XzpUF0RS3Zbj0FGIOCAva5P/d/GBOYaACQ1w+0azUkg==
  /unset-value/1.0.0:
    dependencies:
      has-value: 0.3.1
      isobject: 3.0.1
    dev: true
    engines:
      node: '>=0.10.0'
    resolution:
      integrity: sha1-g3aHP30jNRef+x5vw6jtDfyKtVk=
  /urix/0.1.0:
    dev: true
    resolution:
      integrity: sha1-2pN/emLiH+wf0Y1Js1wpNQZ6bHI=
  /use/3.1.1:
    dev: true
    engines:
      node: '>=0.10.0'
    resolution:
      integrity: sha512-cwESVXlO3url9YWlFW/TA9cshCEhtu7IKJ/p5soJ/gGpj7vbvFrAY/eIioQ6Dw23KjZhYgiIo8HOs1nQ2vr/oQ==
  /wrappy/1.0.2:
    dev: true
    resolution:
      integrity: sha1-tSQ9jz7BqjXxNkYFvA0QNuMKtp8=
specifiers:
  mocha: ^5.2.0
  rollup: ^0.66.6
  rollup-plugin-sourcemaps: ^0.4.2
  rollup-plugin-typescript2: ^0.18.1
  typescript: ^3.2.2
  uglify-js: ^3.4.9
